<Solution>
  <Configurations>
    <Platform Name="x64" />
    <Platform Name="x86" />
  </Configurations>
  <Project Path="01. Basics/01. Basics.vcxproj" />
  <Project Path="02. Memory/02. Memory.vcxproj" />
  <Project Path="03. Structs/03. Structs.vcxproj" />
  <Project Path="04. OOPs &amp; Classes/04. OOPs &amp; Classes.vcxproj" />
  <Project Path="05. Smart Pointers &amp; RAII/05. Smart Pointers &amp; RAII.vcxproj" />
  <Project Path="06. Templates &amp; Generic Programming/06. Templates &amp; Generic Programming.vcxproj" />
  <Project Path="07. Lambdas, Closures &amp; Functional Patterns/07. Lambdas, Closures &amp; Functional Patterns.vcxproj" />
  <Project Path="08. Constexpr, Consteval &amp; Compile time computation/08. Constexpr, Consteval &amp; Compile time computation.vcxproj" />
  <Project Path="09. Concurrency/09. Concurrency.vcxproj" />
  <Project Path="10. Multithreading &amp; Parallelism/10. Multithreading &amp; Parallelism.vcxproj" />
  <Project Path="11. Async Programming &amp; Coroutines/11. Async Programming &amp; Coroutines.vcxproj" />
</Solution>
